
Microsoft Visual Studio Solution File, Format Version 12.00
# Visual Studio Version 17
VisualStudioVersion = 17.2.32616.157
MinimumVisualStudioVersion = 10.0.40219.1
Project("{9A19103F-16F7-4668-BE54-9A1E7A4F7556}") = "TaskManually", "TaskManually\TaskManually.csproj", "{63E62354-64EA-4307-A393-21AD4BD4E43A}"
EndProject
Global
	GlobalSection(SolutionConfigurationPlatforms) = preSolution
		Debug|Any CPU = Debug|Any CPU
		Release|Any CPU = Release|Any CPU
	EndGlobalSection
	GlobalSection(ProjectConfigurationPlatforms) = postSolution
		{63E62354-64EA-4307-A393-21AD4BD4E43A}.Debug|Any CPU.ActiveCfg = Debug|Any CPU
		{63E62354-64EA-4307-A393-21AD4BD4E43A}.Debug|Any CPU.Build.0 = Debug|Any CPU
		{63E62354-64EA-4307-A393-21AD4BD4E43A}.Release|Any CPU.ActiveCfg = Release|Any CPU
		{63E62354-64EA-4307-A393-21AD4BD4E43A}.Release|Any CPU.Build.0 = Release|Any CPU
	EndGlobalSection
	GlobalSection(SolutionProperties) = preSolution
		HideSolutionNode = FALSE
	EndGlobalSection
	GlobalSection(ExtensibilityGlobals) = postSolution
		SolutionGuid = {4C1E25DA-6427-425D-BF74-B967BED6DB46}
	EndGlobalSection
EndGlobal
